// !$*UTF8*$!
{
	archiveVersion = 1;
	classes = {
	};
	objectVersion = 46;
	objects = {

/* Begin PBXBuildFile section */
		60D8BDEE1C433F0E004978FF /* main.m in Sources */ = {isa = PBXBuildFile; fileRef = 60D8BDED1C433F0E004978FF /* main.m */; };
		60D8BDF11C433F0E004978FF /* AppDelegate.m in Sources */ = {isa = PBXBuildFile; fileRef = 60D8BDF01C433F0E004978FF /* AppDelegate.m */; };
		60D8BDF41C433F0E004978FF /* ViewController.m in Sources */ = {isa = PBXBuildFile; fileRef = 60D8BDF31C433F0E004978FF /* ViewController.m */; };
		60D8BDF71C433F0E004978FF /* Main.storyboard in Resources */ = {isa = PBXBuildFile; fileRef = 60D8BDF51C433F0E004978FF /* Main.storyboard */; };
		60D8BDF91C433F0E004978FF /* Assets.xcassets in Resources */ = {isa = PBXBuildFile; fileRef = 60D8BDF81C433F0E004978FF /* Assets.xcassets */; };
		60D8BDFC1C433F0E004978FF /* LaunchScreen.storyboard in Resources */ = {isa = PBXBuildFile; fileRef = 60D8BDFA1C433F0E004978FF /* LaunchScreen.storyboard */; };
		60D8BE071C433F0F004978FF /* QQTests.m in Sources */ = {isa = PBXBuildFile; fileRef = 60D8BE061C433F0F004978FF /* QQTests.m */; };
		60D8BE121C433F0F004978FF /* QQUITests.m in Sources */ = {isa = PBXBuildFile; fileRef = 60D8BE111C433F0F004978FF /* QQUITests.m */; };
/* End PBXBuildFile section */

/* Begin PBXContainerItemProxy section */
		60D8BE031C433F0F004978FF /* PBXContainerItemProxy */ = {
			isa = PBXContainerItemProxy;
			containerPortal = 60D8BDE11C433F0E004978FF /* Project object */;
			proxyType = 1;
			remoteGlobalIDString = 60D8BDE81C433F0E004978FF;
			remoteInfo = QQ;
		};
		60D8BE0E1C433F0F004978FF /* PBXContainerItemProxy */ = {
			isa = PBXContainerItemProxy;
			containerPortal = 60D8BDE11C433F0E004978FF /* Project object */;
			proxyType = 1;
			remoteGlobalIDString = 60D8BDE81C433F0E004978FF;
			remoteInfo = QQ;
		};
/* End PBXContainerItemProxy section */

/* Begin PBXFileReference section */
		60D8BDE91C433F0E004978FF /* QQ.app */ = {isa = PBXFileReference; explicitFileType = wrapper.application; includeInIndex = 0; path = QQ.app; sourceTree = BUILT_PRODUCTS_DIR; };
		60D8BDED1C433F0E004978FF /* main.m */ = {isa = PBXFileReference; lastKnownFileType = sourcecode.c.objc; path = main.m; sourceTree = "<group>"; };
		60D8BDEF1C433F0E004978FF /* AppDelegate.h */ = {isa = PBXFileReference; lastKnownFileType = sourcecode.c.h; path = AppDelegate.h; sourceTree = "<group>"; };
		60D8BDF01C433F0E004978FF /* AppDelegate.m */ = {isa = PBXFileReference; lastKnownFileType = sourcecode.c.objc; path = AppDelegate.m; sourceTree = "<group>"; };
		60D8BDF21C433F0E004978FF /* ViewController.h */ = {isa = PBXFileReference; lastKnownFileType = sourcecode.c.h; path = ViewController.h; sourceTree = "<group>"; };
		60D8BDF31C433F0E004978FF /* ViewController.m */ = {isa = PBXFileReference; lastKnownFileType = sourcecode.c.objc; path = ViewController.m; sourceTree = "<group>"; };
		60D8BDF61C433F0E004978FF /* Base */ = {isa = PBXFileReference; lastKnownFileType = file.storyboard; name = Base; path = Base.lproj/Main.storyboard; sourceTree = "<group>"; };
		60D8BDF81C433F0E004978FF /* Assets.xcassets */ = {isa = PBXFileReference; lastKnownFileType = folder.assetcatalog; path = Assets.xcassets; sourceTree = "<group>"; };
		60D8BDFB1C433F0E004978FF /* Base */ = {isa = PBXFileReference; lastKnownFileType = file.storyboard; name = Base; path = Base.lproj/LaunchScreen.storyboard; sourceTree = "<group>"; };
		60D8BDFD1C433F0E004978FF /* Info.plist */ = {isa = PBXFileReference; lastKnownFileType = text.plist.xml; path = Info.plist; sourceTree = "<group>"; };
		60D8BE021C433F0F004978FF /* QQTests.xctest */ = {isa = PBXFileReference; explicitFileType = wrapper.cfbundle; includeInIndex = 0; path = QQTests.xctest; sourceTree = BUILT_PRODUCTS_DIR; };
		60D8BE061C433F0F004978FF /* QQTests.m */ = {isa = PBXFileReference; lastKnownFileType = sourcecode.c.objc; path = QQTests.m; sourceTree = "<group>"; };
		60D8BE081C433F0F004978FF /* Info.plist */ = {isa = PBXFileReference; lastKnownFileType = text.plist.xml; path = Info.plist; sourceTree = "<group>"; };
		60D8BE0D1C433F0F004978FF /* QQUITests.xctest */ = {isa = PBXFileReference; explicitFileType = wrapper.cfbundle; includeInIndex = 0; path = QQUITests.xctest; sourceTree = BUILT_PRODUCTS_DIR; };
		60D8BE111C433F0F004978FF /* QQUITests.m */ = {isa = PBXFileReference; lastKnownFileType = sourcecode.c.objc; path = QQUITests.m; sourceTree = "<group>"; };
		60D8BE131C433F0F004978FF /* Info.plist */ = {isa = PBXFileReference; lastKnownFileType = text.plist.xml; path = Info.plist; sourceTree = "<group>"; };
/* End PBXFileReference section */

/* Begin PBXFrameworksBuildPhase section */
		60D8BDE61C433F0E004978FF /* Frameworks */ = {
			isa = PBXFrameworksBuildPhase;
			buildActionMask = 2147483647;
			files = (
			);
			runOnlyForDeploymentPostprocessing = 0;
		};
		60D8BDFF1C433F0F004978FF /* Frameworks */ = {
			isa = PBXFrameworksBuildPhase;
			buildActionMask = 2147483647;
			files = (
			);
			runOnlyForDeploymentPostprocessing = 0;
		};
		60D8BE0A1C433F0F004978FF /* Frameworks */ = {
			isa = PBXFrameworksBuildPhase;
			buildActionMask = 2147483647;
			files = (
			);
			runOnlyForDeploymentPostprocessing = 0;
		};
/* End PBXFrameworksBuildPhase section */

/* Begin PBXGroup section */
		60D8BDE01C433F0E004978FF = {
			isa = PBXGroup;
			children = (
				60D8BDEB1C433F0E004978FF /* QQ */,
				60D8BE051C433F0F004978FF /* QQTests */,
				60D8BE101C433F0F004978FF /* QQUITests */,
				60D8BDEA1C433F0E004978FF /* Products */,
			);
			sourceTree = "<group>";
		};
		60D8BDEA1C433F0E004978FF /* Products */ = {
			isa = PBXGroup;
			children = (
				60D8BDE91C433F0E004978FF /* QQ.app */,
				60D8BE021C433F0F004978FF /* QQTests.xctest */,
				60D8BE0D1C433F0F004978FF /* QQUITests.xctest */,
			);
			name = Products;
			sourceTree = "<group>";
		};
		60D8BDEB1C433F0E004978FF /* QQ */ = {
			isa = PBXGroup;
			children = (
				60D8BDEF1C433F0E004978FF /* AppDelegate.h */,
				60D8BDF01C433F0E004978FF /* AppDelegate.m */,
				60D8BDF21C433F0E004978FF /* ViewController.h */,
				60D8BDF31C433F0E004978FF /* ViewController.m */,
				60D8BDF51C433F0E004978FF /* Main.storyboard */,
				60D8BDF81C433F0E004978FF /* Assets.xcassets */,
				60D8BDFA1C433F0E004978FF /* LaunchScreen.storyboard */,
				60D8BDFD1C433F0E004978FF /* Info.plist */,
				60D8BDEC1C433F0E004978FF /* Supporting Files */,
			);
			path = QQ;
			sourceTree = "<group>";
		};
		60D8BDEC1C433F0E004978FF /* Supporting Files */ = {
			isa = PBXGroup;
			children = (
				60D8BDED1C433F0E004978FF /* main.m */,
			);
			name = "Supporting Files";
			sourceTree = "<group>";
		};
		60D8BE051C433F0F004978FF /* QQTests */ = {
			isa = PBXGroup;
			children = (
				60D8BE061C433F0F004978FF /* QQTests.m */,
				60D8BE081C433F0F004978FF /* Info.plist */,
			);
			path = QQTests;
			sourceTree = "<group>";
		};
		60D8BE101C433F0F004978FF /* QQUITests */ = {
			isa = PBXGroup;
			children = (
				60D8BE111C433F0F004978FF /* QQUITests.m */,
				60D8BE131C433F0F004978FF /* Info.plist */,
			);
			path = QQUITests;
			sourceTree = "<group>";
		};
/* End PBXGroup section */

/* Begin PBXNativeTarget section */
		60D8BDE81C433F0E004978FF /* QQ */ = {
			isa = PBXNativeTarget;
			buildConfigurationList = 60D8BE161C433F0F004978FF /* Build configuration list for PBXNativeTarget "QQ" */;
			buildPhases = (
				60D8BDE51C433F0E004978FF /* Sources */,
				60D8BDE61C433F0E004978FF /* Frameworks */,
				60D8BDE71C433F0E004978FF /* Resources */,
			);
			buildRules = (
			);
			dependencies = (
			);
			name = QQ;
			productName = QQ;
			productReference = 60D8BDE91C433F0E004978FF /* QQ.app */;
			productType = "com.apple.product-type.application";
		};
		60D8BE011C433F0F004978FF /* QQTests */ = {
			isa = PBXNativeTarget;
			buildConfigurationList = 60D8BE191C433F0F004978FF /* Build configuration list for PBXNativeTarget "QQTests" */;
			buildPhases = (
				60D8BDFE1C433F0F004978FF /* Sources */,
				60D8BDFF1C433F0F004978FF /* Frameworks */,
				60D8BE001C433F0F004978FF /* Resources */,
			);
			buildRules = (
			);
			dependencies = (
				60D8BE041C433F0F004978FF /* PBXTargetDependency */,
			);
			name = QQTests;
			productName = QQTests;
			productReference = 60D8BE021C433F0F004978FF /* QQTests.xctest */;
			productType = "com.apple.product-type.bundle.unit-test";
		};
		60D8BE0C1C433F0F004978FF /* QQUITests */ = {
			isa = PBXNativeTarget;
			buildConfigurationList = 60D8BE1C1C433F0F004978FF /* Build configuration list for PBXNativeTarget "QQUITests" */;
			buildPhases = (
				60D8BE091C433F0F004978FF /* Sources */,
				60D8BE0A1C433F0F004978FF /* Frameworks */,
				60D8BE0B1C433F0F004978FF /* Resources */,
			);
			buildRules = (
			);
			dependencies = (
				60D8BE0F1C433F0F004978FF /* PBXTargetDependency */,
			);
			name = QQUITests;
			productName = QQUITests;
			productReference = 60D8BE0D1C433F0F004978FF /* QQUITests.xctest */;
			productType = "com.apple.product-type.bundle.ui-testing";
		};
/* End PBXNativeTarget section */

/* Begin PBXProject section */
		60D8BDE11C433F0E004978FF /* Project object */ = {
			isa = PBXProject;
			attributes = {
				LastUpgradeCheck = 0720;
				ORGANIZATIONNAME = CT;
				TargetAttributes = {
					60D8BDE81C433F0E004978FF = {
						CreatedOnToolsVersion = 7.2;
					};
					60D8BE011C433F0F004978FF = {
						CreatedOnToolsVersion = 7.2;
						TestTargetID = 60D8BDE81C433F0E004978FF;
					};
					60D8BE0C1C433F0F004978FF = {
						CreatedOnToolsVersion = 7.2;
						TestTargetID = 60D8BDE81C433F0E004978FF;
					};
				};
			};
			buildConfigurationList = 60D8BDE41C433F0E004978FF /* Build configuration list for PBXProject "QQ" */;
			compatibilityVersion = "Xcode 3.2";
			developmentRegion = English;
			hasScannedForEncodings = 0;
			knownRegions = (
				en,
				Base,
			);
			mainGroup = 60D8BDE01C433F0E004978FF;
			productRefGroup = 60D8BDEA1C433F0E004978FF /* Products */;
			projectDirPath = "";
			projectRoot = "";
			targets = (
				60D8BDE81C433F0E004978FF /* QQ */,
				60D8BE011C433F0F004978FF /* QQTests */,
				60D8BE0C1C433F0F004978FF /* QQUITests */,
			);
		};
/* End PBXProject section */

/* Begin PBXResourcesBuildPhase section */
		60D8BDE71C433F0E004978FF /* Resources */ = {
			isa = PBXResourcesBuildPhase;
			buildActionMask = 2147483647;
			files = (
				60D8BDFC1C433F0E004978FF /* LaunchScreen.storyboard in Resources */,
				60D8BDF91C433F0E004978FF /* Assets.xcassets in Resources */,
				60D8BDF71C433F0E004978FF /* Main.storyboard in Resources */,
			);
			runOnlyForDeploymentPostprocessing = 0;
		};
		60D8BE001C433F0F004978FF /* Resources */ = {
			isa = PBXResourcesBuildPhase;
			buildActionMask = 2147483647;
			files = (
			);
			runOnlyForDeploymentPostprocessing = 0;
		};
		60D8BE0B1C433F0F004978FF /* Resources */ = {
			isa = PBXResourcesBuildPhase;
			buildActionMask = 2147483647;
			files = (
			);
			runOnlyForDeploymentPostprocessing = 0;
		};
/* End PBXResourcesBuildPhase section */

/* Begin PBXSourcesBuildPhase section */
		60D8BDE51C433F0E004978FF /* Sources */ = {
			isa = PBXSourcesBuildPhase;
			buildActionMask = 2147483647;
			files = (
				60D8BDF41C433F0E004978FF /* ViewController.m in Sources */,
				60D8BDF11C433F0E004978FF /* AppDelegate.m in Sources */,
				60D8BDEE1C433F0E004978FF /* main.m in Sources */,
			);
			runOnlyForDeploymentPostprocessing = 0;
		};
		60D8BDFE1C433F0F004978FF /* Sources */ = {
			isa = PBXSourcesBuildPhase;
			buildActionMask = 2147483647;
			files = (
				60D8BE071C433F0F004978FF /* QQTests.m in Sources */,
			);
			runOnlyForDeploymentPostprocessing = 0;
		};
		60D8BE091C433F0F004978FF /* Sources */ = {
			isa = PBXSourcesBuildPhase;
			buildActionMask = 2147483647;
			files = (
				60D8BE121C433F0F004978FF /* QQUITests.m in Sources */,
			);
			runOnlyForDeploymentPostprocessing = 0;
		};
/* End PBXSourcesBuildPhase section */

/* Begin PBXTargetDependency section */
		60D8BE041C433F0F004978FF /* PBXTargetDependency */ = {
			isa = PBXTargetDependency;
			target = 60D8BDE81C433F0E004978FF /* QQ */;
			targetProxy = 60D8BE031C433F0F004978FF /* PBXContainerItemProxy */;
		};
		60D8BE0F1C433F0F004978FF /* PBXTargetDependency */ = {
			isa = PBXTargetDependency;
			target = 60D8BDE81C433F0E004978FF /* QQ */;
			targetProxy = 60D8BE0E1C433F0F004978FF /* PBXContainerItemProxy */;
		};
/* End PBXTargetDependency section */

/* Begin PBXVariantGroup section */
		60D8BDF51C433F0E004978FF /* Main.storyboard */ = {
			isa = PBXVariantGroup;
			children = (
				60D8BDF61C433F0E004978FF /* Base */,
			);
			name = Main.storyboard;
			sourceTree = "<group>";
		};
		60D8BDFA1C433F0E004978FF /* LaunchScreen.storyboard */ = {
			isa = PBXVariantGroup;
			children = (
				60D8BDFB1C433F0E004978FF /* Base */,
			);
			name = LaunchScreen.storyboard;
			sourceTree = "<group>";
		};
/* End PBXVariantGroup section */

/* Begin XCBuildConfiguration section */
		60D8BE141C433F0F004978FF /* Debug */ = {
			isa = XCBuildConfiguration;
			buildSettings = {
				ALWAYS_SEARCH_USER_PATHS = NO;
				CLANG_CXX_LANGUAGE_STANDARD = "gnu++0x";
				CLANG_CXX_LIBRARY = "libc++";
				CLANG_ENABLE_MODULES = YES;
				CLANG_ENABLE_OBJC_ARC = YES;
				CLANG_WARN_BOOL_CONVERSION = YES;
				CLANG_WARN_CONSTANT_CONVERSION = YES;
				CLANG_WARN_DIRECT_OBJC_ISA_USAGE = YES_ERROR;
				CLANG_WARN_EMPTY_BODY = YES;
				CLANG_WARN_ENUM_CONVERSION = YES;
				CLANG_WARN_INT_CONVERSION = YES;
				CLANG_WARN_OBJC_ROOT_CLASS = YES_ERROR;
				CLANG_WARN_UNREACHABLE_CODE = YES;
				CLANG_WARN__DUPLICATE_METHOD_MATCH = YES;
				"CODE_SIGN_IDENTITY[sdk=iphoneos*]" = "iPhone Developer";
				COPY_PHASE_STRIP = NO;
				DEBUG_INFORMATION_FORMAT = dwarf;
				ENABLE_STRICT_OBJC_MSGSEND = YES;
				ENABLE_TESTABILITY = YES;
				GCC_C_LANGUAGE_STANDARD = gnu99;
				GCC_DYNAMIC_NO_PIC = NO;
				GCC_NO_COMMON_BLOCKS = YES;
				GCC_OPTIMIZATION_LEVEL = 0;
				GCC_PREPROCESSOR_DEFINITIONS = (
					"DEBUG=1",
					"$(inherited)",
				);
				GCC_WARN_64_TO_32_BIT_CONVERSION = YES;
				GCC_WARN_ABOUT_RETURN_TYPE = YES_ERROR;
				GCC_WARN_UNDECLARED_SELECTOR = YES;
				GCC_WARN_UNINITIALIZED_AUTOS = YES_AGGRESSIVE;
				GCC_WARN_UNUSED_FUNCTION = YES;
				GCC_WARN_UNUSED_VARIABLE = YES;
				IPHONEOS_DEPLOYMENT_TARGET = 9.2;
				MTL_ENABLE_DEBUG_INFO = YES;
				ONLY_ACTIVE_ARCH = YES;
				SDKROOT = iphoneos;
				TARGETED_DEVICE_FAMILY = "1,2";
			};
			name = Debug;
		};
		60D8BE151C433F0F004978FF /* Release */ = {
			isa = XCBuildConfiguration;
			buildSettings = {
				ALWAYS_SEARCH_USER_PATHS = NO;
				CLANG_CXX_LANGUAGE_STANDARD = "gnu++0x";
				CLANG_CXX_LIBRARY = "libc++";
				CLANG_ENABLE_MODULES = YES;
				CLANG_ENABLE_OBJC_ARC = YES;
				CLANG_WARN_BOOL_CONVERSION = YES;
				CLANG_WARN_CONSTANT_CONVERSION = YES;
				CLANG_WARN_DIRECT_OBJC_ISA_USAGE = YES_ERROR;
				CLANG_WARN_EMPTY_BODY = YES;
				CLANG_WARN_ENUM_CONVERSION = YES;
				CLANG_WARN_INT_CONVERSION = YES;
				CLANG_WARN_OBJC_ROOT_CLASS = YES_ERROR;
				CLANG_WARN_UNREACHABLE_CODE = YES;
				CLANG_WARN__DUPLICATE_METHOD_MATCH = YES;
				"CODE_SIGN_IDENTITY[sdk=iphoneos*]" = "iPhone Developer";
				COPY_PHASE_STRIP = NO;
				DEBUG_INFORMATION_FORMAT = "dwarf-with-dsym";
				ENABLE_NS_ASSERTIONS = NO;
				ENABLE_STRICT_OBJC_MSGSEND = YES;
				GCC_C_LANGUAGE_STANDARD = gnu99;
				GCC_NO_COMMON_BLOCKS = YES;
				GCC_WARN_64_TO_32_BIT_CONVERSION = YES;
				GCC_WARN_ABOUT_RETURN_TYPE = YES_ERROR;
				GCC_WARN_UNDECLARED_SELECTOR = YES;
				GCC_WARN_UNINITIALIZED_AUTOS = YES_AGGRESSIVE;
				GCC_WARN_UNUSED_FUNCTION = YES;
				GCC_WARN_UNUSED_VARIABLE = YES;
				IPHONEOS_DEPLOYMENT_TARGET = 9.2;
				MTL_ENABLE_DEBUG_INFO = NO;
				SDKROOT = iphoneos;
				TARGETED_DEVICE_FAMILY = "1,2";
				VALIDATE_PRODUCT = YES;
			};
			name = Release;
		};
		60D8BE171C433F0F004978FF /* Debug */ = {
			isa = XCBuildConfiguration;
			buildSettings = {
				ASSETCATALOG_COMPILER_APPICON_NAME = AppIcon;
				INFOPLIST_FILE = QQ/Info.plist;
				LD_RUNPATH_SEARCH_PATHS = "$(inherited) @executable_path/Frameworks";
				PRODUCT_BUNDLE_IDENTIFIER = com.ctct.QQ;
				PRODUCT_NAME = "$(TARGET_NAME)";
			};
			name = Debug;
		};
		60D8BE181C433F0F004978FF /* Release */ = {
			isa = XCBuildConfiguration;
			buildSettings = {
				ASSETCATALOG_COMPILER_APPICON_NAME = AppIcon;
				INFOPLIST_FILE = QQ/Info.plist;
				LD_RUNPATH_SEARCH_PATHS = "$(inherited) @executable_path/Frameworks";
				PRODUCT_BUNDLE_IDENTIFIER = com.ctct.QQ;
				PRODUCT_NAME = "$(TARGET_NAME)";
			};
			name = Release;
		};
		60D8BE1A1C433F0F004978FF /* Debug */ = {
			isa = XCBuildConfiguration;
			buildSettings = {
				BUNDLE_LOADER = "$(TEST_HOST)";
				INFOPLIST_FILE = QQTests/Info.plist;
				LD_RUNPATH_SEARCH_PATHS = "$(inherited) @executable_path/Frameworks @loader_path/Frameworks";
				PRODUCT_BUNDLE_IDENTIFIER = com.ctct.QQTests;
				PRODUCT_NAME = "$(TARGET_NAME)";
				TEST_HOST = "$(BUILT_PRODUCTS_DIR)/QQ.app/QQ";
			};
			name = Debug;
		};
		60D8BE1B1C433F0F004978FF /* Release */ = {
			isa = XCBuildConfiguration;
			buildSettings = {
				BUNDLE_LOADER = "$(TEST_HOST)";
				INFOPLIST_FILE = QQTests/Info.plist;
				LD_RUNPATH_SEARCH_PATHS = "$(inherited) @executable_path/Frameworks @loader_path/Frameworks";
				PRODUCT_BUNDLE_IDENTIFIER = com.ctct.QQTests;
				PRODUCT_NAME = "$(TARGET_NAME)";
				TEST_HOST = "$(BUILT_PRODUCTS_DIR)/QQ.app/QQ";
			};
			name = Release;
		};
		60D8BE1D1C433F0F004978FF /* Debug */ = {
			isa = XCBuildConfiguration;
			buildSettings = {
				INFOPLIST_FILE = QQUITests/Info.plist;
				LD_RUNPATH_SEARCH_PATHS = "$(inherited) @executable_path/Frameworks @loader_path/Frameworks";
				PRODUCT_BUNDLE_IDENTIFIER = com.ctct.QQUITests;
				PRODUCT_NAME = "$(TARGET_NAME)";
				TEST_TARGET_NAME = QQ;
				USES_XCTRUNNER = YES;
			};
			name = Debug;
		};
		60D8BE1E1C433F0F004978FF /* Release */ = {
			isa = XCBuildConfiguration;
			buildSettings = {
				INFOPLIST_FILE = QQUITests/Info.plist;
				LD_RUNPATH_SEARCH_PATHS = "$(inherited) @executable_path/Frameworks @loader_path/Frameworks";
				PRODUCT_BUNDLE_IDENTIFIER = com.ctct.QQUITests;
				PRODUCT_NAME = "$(TARGET_NAME)";
				TEST_TARGET_NAME = QQ;
				USES_XCTRUNNER = YES;
			};
			name = Release;
		};
/* End XCBuildConfiguration section */

/* Begin XCConfigurationList section */
		60D8BDE41C433F0E004978FF /* Build configuration list for PBXProject "QQ" */ = {
			isa = XCConfigurationList;
			buildConfigurations = (
				60D8BE141C433F0F004978FF /* Debug */,
				60D8BE151C433F0F004978FF /* Release */,
			);
			defaultConfigurationIsVisible = 0;
			defaultConfigurationName = Release;
		};
		60D8BE161C433F0F004978FF /* Build configuration list for PBXNativeTarget "QQ" */ = {
			isa = XCConfigurationList;
			buildConfigurations = (
				60D8BE171C433F0F004978FF /* Debug */,
				60D8BE181C433F0F004978FF /* Release */,
			);
			defaultConfigurationIsVisible = 0;
		};
		60D8BE191C433F0F004978FF /* Build configuration list for PBXNativeTarget "QQTests" */ = {
			isa = XCConfigurationList;
			buildConfigurations = (
				60D8BE1A1C433F0F004978FF /* Debug */,
				60D8BE1B1C433F0F004978FF /* Release */,
			);
			defaultConfigurationIsVisible = 0;
		};
		60D8BE1C1C433F0F004978FF /* Build configuration list for PBXNativeTarget "QQUITests" */ = {
			isa = XCConfigurationList;
			buildConfigurations = (
				60D8BE1D1C433F0F004978FF /* Debug */,
				60D8BE1E1C433F0F004978FF /* Release */,
			);
			defaultConfigurationIsVisible = 0;
		};
/* End XCConfigurationList section */
	};
	rootObject = 60D8BDE11C433F0E004978FF /* Project object */;
}
